
Microsoft Visual Studio Solution File, Format Version 12.00
# Visual Studio Version 17
VisualStudioVersion = 17.14.36414.22 d17.14
MinimumVisualStudioVersion = 10.0.40219.1
Project("{FAE04EC0-301F-11D3-BF4B-00C04F79EFBC}") = "WebApplication2", "WebApplication2.csproj", "{4AEF26DA-5265-485D-A53E-2BF8E7AB1DD0}"
EndProject
Global
	GlobalSection(SolutionConfigurationPlatforms) = preSolution
		Debug|Any CPU = Debug|Any CPU
		Release|Any CPU = Release|Any CPU
	EndGlobalSection
	GlobalSection(ProjectConfigurationPlatforms) = postSolution
		{4AEF26DA-5265-485D-A53E-2BF8E7AB1DD0}.Debug|Any CPU.ActiveCfg = Debug|Any CPU
		{4AEF26DA-5265-485D-A53E-2BF8E7AB1DD0}.Debug|Any CPU.Build.0 = Debug|Any CPU
		{4AEF26DA-5265-485D-A53E-2BF8E7AB1DD0}.Release|Any CPU.ActiveCfg = Release|Any CPU
		{4AEF26DA-5265-485D-A53E-2BF8E7AB1DD0}.Release|Any CPU.Build.0 = Release|Any CPU
	EndGlobalSection
	GlobalSection(SolutionProperties) = preSolution
		HideSolutionNode = FALSE
	EndGlobalSection
	GlobalSection(ExtensibilityGlobals) = postSolution
		SolutionGuid = {AA66BF23-8DBC-43E3-8C61-BF45CC35FD2F}
	EndGlobalSection
EndGlobal
